
Microsoft Visual Studio Solution File, Format Version 12.00
# Visual Studio Version 17
VisualStudioVersion = 17.9.34728.123
MinimumVisualStudioVersion = 10.0.40219.1
Project("{FAE04EC0-301F-11D3-BF4B-00C04F79EFBC}") = "AdoNett", "AdoNett\AdoNett.csproj", "{A23CCCF6-786B-404A-938A-E51BDFC083E3}"
EndProject
Project("{FAE04EC0-301F-11D3-BF4B-00C04F79EFBC}") = "Core", "Core\Core.csproj", "{0E9BE28B-5AE4-43F7-93B4-499CA783D319}"
EndProject
Project("{FAE04EC0-301F-11D3-BF4B-00C04F79EFBC}") = "Data", "Data\Data.csproj", "{E9B90455-3DE4-4C3A-A594-5CBE295E5904}"
EndProject
Project("{FAE04EC0-301F-11D3-BF4B-00C04F79EFBC}") = "Business", "Business\Business.csproj", "{1F0AFE36-7122-4326-97FA-DF57435D1716}"
EndProject
Global
	GlobalSection(SolutionConfigurationPlatforms) = preSolution
		Debug|Any CPU = Debug|Any CPU
		Release|Any CPU = Release|Any CPU
	EndGlobalSection
	GlobalSection(ProjectConfigurationPlatforms) = postSolution
		{A23CCCF6-786B-404A-938A-E51BDFC083E3}.Debug|Any CPU.ActiveCfg = Debug|Any CPU
		{A23CCCF6-786B-404A-938A-E51BDFC083E3}.Debug|Any CPU.Build.0 = Debug|Any CPU
		{A23CCCF6-786B-404A-938A-E51BDFC083E3}.Release|Any CPU.ActiveCfg = Release|Any CPU
		{A23CCCF6-786B-404A-938A-E51BDFC083E3}.Release|Any CPU.Build.0 = Release|Any CPU
		{0E9BE28B-5AE4-43F7-93B4-499CA783D319}.Debug|Any CPU.ActiveCfg = Debug|Any CPU
		{0E9BE28B-5AE4-43F7-93B4-499CA783D319}.Debug|Any CPU.Build.0 = Debug|Any CPU
		{0E9BE28B-5AE4-43F7-93B4-499CA783D319}.Release|Any CPU.ActiveCfg = Release|Any CPU
		{0E9BE28B-5AE4-43F7-93B4-499CA783D319}.Release|Any CPU.Build.0 = Release|Any CPU
		{E9B90455-3DE4-4C3A-A594-5CBE295E5904}.Debug|Any CPU.ActiveCfg = Debug|Any CPU
		{E9B90455-3DE4-4C3A-A594-5CBE295E5904}.Debug|Any CPU.Build.0 = Debug|Any CPU
		{E9B90455-3DE4-4C3A-A594-5CBE295E5904}.Release|Any CPU.ActiveCfg = Release|Any CPU
		{E9B90455-3DE4-4C3A-A594-5CBE295E5904}.Release|Any CPU.Build.0 = Release|Any CPU
		{1F0AFE36-7122-4326-97FA-DF57435D1716}.Debug|Any CPU.ActiveCfg = Debug|Any CPU
		{1F0AFE36-7122-4326-97FA-DF57435D1716}.Debug|Any CPU.Build.0 = Debug|Any CPU
		{1F0AFE36-7122-4326-97FA-DF57435D1716}.Release|Any CPU.ActiveCfg = Release|Any CPU
		{1F0AFE36-7122-4326-97FA-DF57435D1716}.Release|Any CPU.Build.0 = Release|Any CPU
	EndGlobalSection
	GlobalSection(SolutionProperties) = preSolution
		HideSolutionNode = FALSE
	EndGlobalSection
	GlobalSection(ExtensibilityGlobals) = postSolution
		SolutionGuid = {36FCE47F-1BCF-4684-8D51-70C8E7E8D732}
	EndGlobalSection
EndGlobal
